
Microsoft Visual Studio Solution File, Format Version 12.00
# Visual Studio Version 17
VisualStudioVersion = 17.12.35521.163 d17.12
MinimumVisualStudioVersion = 10.0.40219.1
Project("{FAE04EC0-301F-11D3-BF4B-00C04F79EFBC}") = "AspNetCoreIdentityApp.Web", "AspNetCoreIdentityApp.Web\AspNetCoreIdentityApp.Web.csproj", "{DE4424C7-4B07-4F03-8DC1-405B002224EC}"
EndProject
Global
	GlobalSection(SolutionConfigurationPlatforms) = preSolution
		Debug|Any CPU = Debug|Any CPU
		Release|Any CPU = Release|Any CPU
	EndGlobalSection
	GlobalSection(ProjectConfigurationPlatforms) = postSolution
		{DE4424C7-4B07-4F03-8DC1-405B002224EC}.Debug|Any CPU.ActiveCfg = Debug|Any CPU
		{DE4424C7-4B07-4F03-8DC1-405B002224EC}.Debug|Any CPU.Build.0 = Debug|Any CPU
		{DE4424C7-4B07-4F03-8DC1-405B002224EC}.Release|Any CPU.ActiveCfg = Release|Any CPU
		{DE4424C7-4B07-4F03-8DC1-405B002224EC}.Release|Any CPU.Build.0 = Release|Any CPU
	EndGlobalSection
	GlobalSection(SolutionProperties) = preSolution
		HideSolutionNode = FALSE
	EndGlobalSection
EndGlobal
